
Microsoft Visual Studio Solution File, Format Version 12.00
# Visual Studio Version 16
VisualStudioVersion = 16.0.30320.27
MinimumVisualStudioVersion = 10.0.40219.1
Project("{FAE04EC0-301F-11D3-BF4B-00C04F79EFBC}") = "ModbusRTU_TP1608", "ModbusRTU_TP1608.csproj", "{D1C28B7F-0A6D-4EA6-95DE-90ED925E0A8D}"
EndProject
Project("{9A19103F-16F7-4668-BE54-9A1E7A4F7556}") = "Test", "..\Test\Test.csproj", "{6B4E046C-3281-4243-87E0-B9E5DE8F0968}"
EndProject
Project("{FAE04EC0-301F-11D3-BF4B-00C04F79EFBC}") = "Test1", "..\Test1\Test1.csproj", "{C0B5D699-FEFD-43F5-BA13-1C46F6BB0677}"
EndProject
Global
	GlobalSection(SolutionConfigurationPlatforms) = preSolution
		Debug|Any CPU = Debug|Any CPU
		Release|Any CPU = Release|Any CPU
	EndGlobalSection
	GlobalSection(ProjectConfigurationPlatforms) = postSolution
		{D1C28B7F-0A6D-4EA6-95DE-90ED925E0A8D}.Debug|Any CPU.ActiveCfg = Debug|Any CPU
		{D1C28B7F-0A6D-4EA6-95DE-90ED925E0A8D}.Debug|Any CPU.Build.0 = Debug|Any CPU
		{D1C28B7F-0A6D-4EA6-95DE-90ED925E0A8D}.Release|Any CPU.ActiveCfg = Release|Any CPU
		{D1C28B7F-0A6D-4EA6-95DE-90ED925E0A8D}.Release|Any CPU.Build.0 = Release|Any CPU
		{6B4E046C-3281-4243-87E0-B9E5DE8F0968}.Debug|Any CPU.ActiveCfg = Debug|Any CPU
		{6B4E046C-3281-4243-87E0-B9E5DE8F0968}.Debug|Any CPU.Build.0 = Debug|Any CPU
		{6B4E046C-3281-4243-87E0-B9E5DE8F0968}.Release|Any CPU.ActiveCfg = Release|Any CPU
		{6B4E046C-3281-4243-87E0-B9E5DE8F0968}.Release|Any CPU.Build.0 = Release|Any CPU
		{C0B5D699-FEFD-43F5-BA13-1C46F6BB0677}.Debug|Any CPU.ActiveCfg = Debug|Any CPU
		{C0B5D699-FEFD-43F5-BA13-1C46F6BB0677}.Debug|Any CPU.Build.0 = Debug|Any CPU
		{C0B5D699-FEFD-43F5-BA13-1C46F6BB0677}.Release|Any CPU.ActiveCfg = Release|Any CPU
		{C0B5D699-FEFD-43F5-BA13-1C46F6BB0677}.Release|Any CPU.Build.0 = Release|Any CPU
	EndGlobalSection
	GlobalSection(SolutionProperties) = preSolution
		HideSolutionNode = FALSE
	EndGlobalSection
	GlobalSection(ExtensibilityGlobals) = postSolution
		SolutionGuid = {DE6BCD5F-4525-4BED-91A0-737560768ADB}
	EndGlobalSection
EndGlobal
